// !$*UTF8*$!
{
	archiveVersion = 1;
	classes = {
	};
	objectVersion = 50;
	objects = {

/* Begin PBXBuildFile section */
		1F3AE5C05CFB2F78CE2778D0 /* Pods_Tempo.framework in Frameworks */ = {isa = PBXBuildFile; fileRef = 671AD500453A3CD5D4789809 /* Pods_Tempo.framework */; };
		6C48FB66221D161F002D33E6 /* globalData.swift in Sources */ = {isa = PBXBuildFile; fileRef = 6C48FB65221D161F002D33E6 /* globalData.swift */; };
		6C5F86FB221929D1000EA110 /* AppDelegate.swift in Sources */ = {isa = PBXBuildFile; fileRef = 6C5F86FA221929D1000EA110 /* AppDelegate.swift */; };
		6C5F86FD221929D1000EA110 /* ViewController.swift in Sources */ = {isa = PBXBuildFile; fileRef = 6C5F86FC221929D1000EA110 /* ViewController.swift */; };
		6C5F8700221929D1000EA110 /* Main.storyboard in Resources */ = {isa = PBXBuildFile; fileRef = 6C5F86FE221929D1000EA110 /* Main.storyboard */; };
		6C5F8705221929D6000EA110 /* Assets.xcassets in Resources */ = {isa = PBXBuildFile; fileRef = 6C5F8704221929D6000EA110 /* Assets.xcassets */; };
		6C5F8708221929D6000EA110 /* LaunchScreen.storyboard in Resources */ = {isa = PBXBuildFile; fileRef = 6C5F8706221929D6000EA110 /* LaunchScreen.storyboard */; };
		8E8A645A2220E4A800684D31 /* RootViewController.swift in Sources */ = {isa = PBXBuildFile; fileRef = 8E8A64592220E4A800684D31 /* RootViewController.swift */; };
		8EB41D9D221F762E006B1E60 /* PaymentViewController.swift in Sources */ = {isa = PBXBuildFile; fileRef = 8EB41D9B221F762E006B1E60 /* PaymentViewController.swift */; };
		8EB41D9E221F762E006B1E60 /* PaymentViewController.xib in Resources */ = {isa = PBXBuildFile; fileRef = 8EB41D9C221F762E006B1E60 /* PaymentViewController.xib */; };
		8EB41DA2221F9039006B1E60 /* MapViewController.swift in Sources */ = {isa = PBXBuildFile; fileRef = 8EB41DA0221F9039006B1E60 /* MapViewController.swift */; };
		8EB41DA3221F9039006B1E60 /* MapViewController.xib in Resources */ = {isa = PBXBuildFile; fileRef = 8EB41DA1221F9039006B1E60 /* MapViewController.xib */; };
		8EB41DA5221F919F006B1E60 /* LoginViewController.swift in Sources */ = {isa = PBXBuildFile; fileRef = 8EB41DA4221F919F006B1E60 /* LoginViewController.swift */; };
		8EB41DA8221F9899006B1E60 /* Booking.swift in Sources */ = {isa = PBXBuildFile; fileRef = 8EB41DA7221F9899006B1E60 /* Booking.swift */; };
		8EB41DAA221F9EAC006B1E60 /* Car.swift in Sources */ = {isa = PBXBuildFile; fileRef = 8EB41DA9221F9EAC006B1E60 /* Car.swift */; };
		8EB41DAC221FB861006B1E60 /* Parsing.swift in Sources */ = {isa = PBXBuildFile; fileRef = 8EB41DAB221FB861006B1E60 /* Parsing.swift */; };
		8EE2D90E2220DF9400ADCF25 /* RegisterViewController.swift in Sources */ = {isa = PBXBuildFile; fileRef = 8EE2D90D2220DF9400ADCF25 /* RegisterViewController.swift */; };
/* End PBXBuildFile section */

/* Begin PBXFileReference section */
		66E4DA4D1915DDC08538BF2A /* Pods-Tempo.debug.xcconfig */ = {isa = PBXFileReference; includeInIndex = 1; lastKnownFileType = text.xcconfig; name = "Pods-Tempo.debug.xcconfig"; path = "Target Support Files/Pods-Tempo/Pods-Tempo.debug.xcconfig"; sourceTree = "<group>"; };
		671AD500453A3CD5D4789809 /* Pods_Tempo.framework */ = {isa = PBXFileReference; explicitFileType = wrapper.framework; includeInIndex = 0; path = Pods_Tempo.framework; sourceTree = BUILT_PRODUCTS_DIR; };
		6C48FB65221D161F002D33E6 /* globalData.swift */ = {isa = PBXFileReference; lastKnownFileType = sourcecode.swift; path = globalData.swift; sourceTree = "<group>"; };
		6C5F86F7221929D1000EA110 /* Tempo.app */ = {isa = PBXFileReference; explicitFileType = wrapper.application; includeInIndex = 0; path = Tempo.app; sourceTree = BUILT_PRODUCTS_DIR; };
		6C5F86FA221929D1000EA110 /* AppDelegate.swift */ = {isa = PBXFileReference; lastKnownFileType = sourcecode.swift; path = AppDelegate.swift; sourceTree = "<group>"; };
		6C5F86FC221929D1000EA110 /* ViewController.swift */ = {isa = PBXFileReference; lastKnownFileType = sourcecode.swift; path = ViewController.swift; sourceTree = "<group>"; };
		6C5F86FF221929D1000EA110 /* Base */ = {isa = PBXFileReference; lastKnownFileType = file.storyboard; name = Base; path = Base.lproj/Main.storyboard; sourceTree = "<group>"; };
		6C5F8704221929D6000EA110 /* Assets.xcassets */ = {isa = PBXFileReference; lastKnownFileType = folder.assetcatalog; path = Assets.xcassets; sourceTree = "<group>"; };
		6C5F8707221929D6000EA110 /* Base */ = {isa = PBXFileReference; lastKnownFileType = file.storyboard; name = Base; path = Base.lproj/LaunchScreen.storyboard; sourceTree = "<group>"; };
		6C5F8709221929D6000EA110 /* Info.plist */ = {isa = PBXFileReference; lastKnownFileType = text.plist.xml; path = Info.plist; sourceTree = "<group>"; };
		8E8A64592220E4A800684D31 /* RootViewController.swift */ = {isa = PBXFileReference; lastKnownFileType = sourcecode.swift; path = RootViewController.swift; sourceTree = "<group>"; };
		8E8A645C2220EBAB00684D31 /* en */ = {isa = PBXFileReference; lastKnownFileType = text.plist.strings; name = en; path = en.lproj/Main.strings; sourceTree = "<group>"; };
		8EB41D9B221F762E006B1E60 /* PaymentViewController.swift */ = {isa = PBXFileReference; lastKnownFileType = sourcecode.swift; path = PaymentViewController.swift; sourceTree = "<group>"; };
		8EB41D9C221F762E006B1E60 /* PaymentViewController.xib */ = {isa = PBXFileReference; lastKnownFileType = file.xib; path = PaymentViewController.xib; sourceTree = "<group>"; };
		8EB41DA0221F9039006B1E60 /* MapViewController.swift */ = {isa = PBXFileReference; lastKnownFileType = sourcecode.swift; path = MapViewController.swift; sourceTree = "<group>"; };
		8EB41DA1221F9039006B1E60 /* MapViewController.xib */ = {isa = PBXFileReference; lastKnownFileType = file.xib; path = MapViewController.xib; sourceTree = "<group>"; };
		8EB41DA4221F919F006B1E60 /* LoginViewController.swift */ = {isa = PBXFileReference; lastKnownFileType = sourcecode.swift; path = LoginViewController.swift; sourceTree = "<group>"; };
		8EB41DA7221F9899006B1E60 /* Booking.swift */ = {isa = PBXFileReference; lastKnownFileType = sourcecode.swift; path = Booking.swift; sourceTree = "<group>"; };
		8EB41DA9221F9EAC006B1E60 /* Car.swift */ = {isa = PBXFileReference; lastKnownFileType = sourcecode.swift; path = Car.swift; sourceTree = "<group>"; };
		8EB41DAB221FB861006B1E60 /* Parsing.swift */ = {isa = PBXFileReference; lastKnownFileType = sourcecode.swift; path = Parsing.swift; sourceTree = "<group>"; };
		8EE2D90D2220DF9400ADCF25 /* RegisterViewController.swift */ = {isa = PBXFileReference; lastKnownFileType = sourcecode.swift; path = RegisterViewController.swift; sourceTree = "<group>"; };
		99DA8D8027044EB542958E59 /* Pods-Tempo.release.xcconfig */ = {isa = PBXFileReference; includeInIndex = 1; lastKnownFileType = text.xcconfig; name = "Pods-Tempo.release.xcconfig"; path = "Target Support Files/Pods-Tempo/Pods-Tempo.release.xcconfig"; sourceTree = "<group>"; };
/* End PBXFileReference section */

/* Begin PBXFrameworksBuildPhase section */
		6C5F86F4221929D1000EA110 /* Frameworks */ = {
			isa = PBXFrameworksBuildPhase;
			buildActionMask = 2147483647;
			files = (
				1F3AE5C05CFB2F78CE2778D0 /* Pods_Tempo.framework in Frameworks */,
			);
			runOnlyForDeploymentPostprocessing = 0;
		};
/* End PBXFrameworksBuildPhase section */

/* Begin PBXGroup section */
		3A68B1DB024F80775B99D731 /* Pods */ = {
			isa = PBXGroup;
			children = (
				66E4DA4D1915DDC08538BF2A /* Pods-Tempo.debug.xcconfig */,
				99DA8D8027044EB542958E59 /* Pods-Tempo.release.xcconfig */,
			);
			path = Pods;
			sourceTree = "<group>";
		};
		6C5F86EE221929D1000EA110 = {
			isa = PBXGroup;
			children = (
				6C5F86F9221929D1000EA110 /* Tempo */,
				6C5F86F8221929D1000EA110 /* Products */,
				3A68B1DB024F80775B99D731 /* Pods */,
				BEE9FBF84A45A16B1828B5CF /* Frameworks */,
			);
			sourceTree = "<group>";
		};
		6C5F86F8221929D1000EA110 /* Products */ = {
			isa = PBXGroup;
			children = (
				6C5F86F7221929D1000EA110 /* Tempo.app */,
			);
			name = Products;
			sourceTree = "<group>";
		};
		6C5F86F9221929D1000EA110 /* Tempo */ = {
			isa = PBXGroup;
			children = (
				8EB41DA6221F9871006B1E60 /* Model */,
				8EB41D9F221F77BD006B1E60 /* View */,
				8EC1C70C221E9D980065ECE0 /* Controllers */,
				8EC1C70B221E99740065ECE0 /* SupportingFiles */,
				6C5F8704221929D6000EA110 /* Assets.xcassets */,
				6C5F8706221929D6000EA110 /* LaunchScreen.storyboard */,
				6C5F8709221929D6000EA110 /* Info.plist */,
			);
			path = Tempo;
			sourceTree = "<group>";
		};
		8EB41D9F221F77BD006B1E60 /* View */ = {
			isa = PBXGroup;
			children = (
				8EB41D9C221F762E006B1E60 /* PaymentViewController.xib */,
				8EB41DA1221F9039006B1E60 /* MapViewController.xib */,
				6C5F86FE221929D1000EA110 /* Main.storyboard */,
			);
			path = View;
			sourceTree = "<group>";
		};
		8EB41DA6221F9871006B1E60 /* Model */ = {
			isa = PBXGroup;
			children = (
				8EB41DA7221F9899006B1E60 /* Booking.swift */,
				8EB41DA9221F9EAC006B1E60 /* Car.swift */,
				8EB41DAB221FB861006B1E60 /* Parsing.swift */,
			);
			path = Model;
			sourceTree = "<group>";
		};
		8EC1C70B221E99740065ECE0 /* SupportingFiles */ = {
			isa = PBXGroup;
			children = (
				6C5F86FA221929D1000EA110 /* AppDelegate.swift */,
				6C48FB65221D161F002D33E6 /* globalData.swift */,
			);
			path = SupportingFiles;
			sourceTree = "<group>";
		};
		8EC1C70C221E9D980065ECE0 /* Controllers */ = {
			isa = PBXGroup;
			children = (
				6C5F86FC221929D1000EA110 /* ViewController.swift */,
				8EB41D9B221F762E006B1E60 /* PaymentViewController.swift */,
				8EB41DA0221F9039006B1E60 /* MapViewController.swift */,
				8EB41DA4221F919F006B1E60 /* LoginViewController.swift */,
				8EE2D90D2220DF9400ADCF25 /* RegisterViewController.swift */,
				8E8A64592220E4A800684D31 /* RootViewController.swift */,
			);
			path = Controllers;
			sourceTree = "<group>";
		};
		BEE9FBF84A45A16B1828B5CF /* Frameworks */ = {
			isa = PBXGroup;
			children = (
				671AD500453A3CD5D4789809 /* Pods_Tempo.framework */,
			);
			name = Frameworks;
			sourceTree = "<group>";
		};
/* End PBXGroup section */

/* Begin PBXNativeTarget section */
		6C5F86F6221929D1000EA110 /* Tempo */ = {
			isa = PBXNativeTarget;
			buildConfigurationList = 6C5F870C221929D6000EA110 /* Build configuration list for PBXNativeTarget "Tempo" */;
			buildPhases = (
				C29DA3C08F47FB8F2878D683 /* [CP] Check Pods Manifest.lock */,
				6C5F86F3221929D1000EA110 /* Sources */,
				6C5F86F4221929D1000EA110 /* Frameworks */,
				6C5F86F5221929D1000EA110 /* Resources */,
				48263A45D370DE2151C02DAD /* [CP] Copy Pods Resources */,
				33C86236BA0C05A7B1979C0C /* [CP] Embed Pods Frameworks */,
			);
			buildRules = (
			);
			dependencies = (
			);
			name = Tempo;
			productName = Tempo;
			productReference = 6C5F86F7221929D1000EA110 /* Tempo.app */;
			productType = "com.apple.product-type.application";
		};
/* End PBXNativeTarget section */

/* Begin PBXProject section */
		6C5F86EF221929D1000EA110 /* Project object */ = {
			isa = PBXProject;
			attributes = {
				LastSwiftUpdateCheck = 1010;
				LastUpgradeCheck = 1010;
				ORGANIZATIONNAME = shitian.ni;
				TargetAttributes = {
					6C5F86F6221929D1000EA110 = {
						CreatedOnToolsVersion = 10.1;
						LastSwiftMigration = 1010;
					};
				};
			};
			buildConfigurationList = 6C5F86F2221929D1000EA110 /* Build configuration list for PBXProject "Tempo" */;
			compatibilityVersion = "Xcode 9.3";
			developmentRegion = en;
			hasScannedForEncodings = 0;
			knownRegions = (
				en,
				Base,
			);
			mainGroup = 6C5F86EE221929D1000EA110;
			productRefGroup = 6C5F86F8221929D1000EA110 /* Products */;
			projectDirPath = "";
			projectRoot = "";
			targets = (
				6C5F86F6221929D1000EA110 /* Tempo */,
			);
		};
/* End PBXProject section */

/* Begin PBXResourcesBuildPhase section */
		6C5F86F5221929D1000EA110 /* Resources */ = {
			isa = PBXResourcesBuildPhase;
			buildActionMask = 2147483647;
			files = (
				6C5F8708221929D6000EA110 /* LaunchScreen.storyboard in Resources */,
				6C5F8705221929D6000EA110 /* Assets.xcassets in Resources */,
				6C5F8700221929D1000EA110 /* Main.storyboard in Resources */,
				8EB41DA3221F9039006B1E60 /* MapViewController.xib in Resources */,
				8EB41D9E221F762E006B1E60 /* PaymentViewController.xib in Resources */,
			);
			runOnlyForDeploymentPostprocessing = 0;
		};
/* End PBXResourcesBuildPhase section */

/* Begin PBXShellScriptBuildPhase section */
		33C86236BA0C05A7B1979C0C /* [CP] Embed Pods Frameworks */ = {
			isa = PBXShellScriptBuildPhase;
			buildActionMask = 2147483647;
			files = (
			);
			inputFileListPaths = (
			);
			inputPaths = (
				"${PODS_ROOT}/Target Support Files/Pods-Tempo/Pods-Tempo-frameworks.sh",
				"${BUILT_PRODUCTS_DIR}/Alamofire/Alamofire.framework",
				"${BUILT_PRODUCTS_DIR}/Gifu/Gifu.framework",
				"${BUILT_PRODUCTS_DIR}/SVProgressHUD/SVProgressHUD.framework",
				"${BUILT_PRODUCTS_DIR}/SwiftyJSON/SwiftyJSON.framework",
			);
			name = "[CP] Embed Pods Frameworks";
			outputFileListPaths = (
			);
			outputPaths = (
				"${TARGET_BUILD_DIR}/${FRAMEWORKS_FOLDER_PATH}/Alamofire.framework",
				"${TARGET_BUILD_DIR}/${FRAMEWORKS_FOLDER_PATH}/Gifu.framework",
				"${TARGET_BUILD_DIR}/${FRAMEWORKS_FOLDER_PATH}/SVProgressHUD.framework",
				"${TARGET_BUILD_DIR}/${FRAMEWORKS_FOLDER_PATH}/SwiftyJSON.framework",
			);
			runOnlyForDeploymentPostprocessing = 0;
			shellPath = /bin/sh;
			shellScript = "\"${PODS_ROOT}/Target Support Files/Pods-Tempo/Pods-Tempo-frameworks.sh\"\n";
			showEnvVarsInLog = 0;
		};
		48263A45D370DE2151C02DAD /* [CP] Copy Pods Resources */ = {
			isa = PBXShellScriptBuildPhase;
			buildActionMask = 2147483647;
			files = (
			);
			inputFileListPaths = (
			);
			inputPaths = (
				"${PODS_ROOT}/Target Support Files/Pods-Tempo/Pods-Tempo-resources.sh",
				"${PODS_ROOT}/GoogleMaps/Maps/Frameworks/GoogleMaps.framework/Resources/GoogleMaps.bundle",
				"${PODS_ROOT}/GooglePlaces/Frameworks/GooglePlaces.framework/Resources/GooglePlaces.bundle",
			);
			name = "[CP] Copy Pods Resources";
			outputFileListPaths = (
			);
			outputPaths = (
				"${TARGET_BUILD_DIR}/${UNLOCALIZED_RESOURCES_FOLDER_PATH}/GoogleMaps.bundle",
				"${TARGET_BUILD_DIR}/${UNLOCALIZED_RESOURCES_FOLDER_PATH}/GooglePlaces.bundle",
			);
			runOnlyForDeploymentPostprocessing = 0;
			shellPath = /bin/sh;
			shellScript = "\"${PODS_ROOT}/Target Support Files/Pods-Tempo/Pods-Tempo-resources.sh\"\n";
			showEnvVarsInLog = 0;
		};
		C29DA3C08F47FB8F2878D683 /* [CP] Check Pods Manifest.lock */ = {
			isa = PBXShellScriptBuildPhase;
			buildActionMask = 2147483647;
			files = (
			);
			inputFileListPaths = (
			);
			inputPaths = (
				"${PODS_PODFILE_DIR_PATH}/Podfile.lock",
				"${PODS_ROOT}/Manifest.lock",
			);
			name = "[CP] Check Pods Manifest.lock";
			outputFileListPaths = (
			);
			outputPaths = (
				"$(DERIVED_FILE_DIR)/Pods-Tempo-checkManifestLockResult.txt",
			);
			runOnlyForDeploymentPostprocessing = 0;
			shellPath = /bin/sh;
			shellScript = "diff \"${PODS_PODFILE_DIR_PATH}/Podfile.lock\" \"${PODS_ROOT}/Manifest.lock\" > /dev/null\nif [ $? != 0 ] ; then\n    # print error to STDERR\n    echo \"error: The sandbox is not in sync with the Podfile.lock. Run 'pod install' or update your CocoaPods installation.\" >&2\n    exit 1\nfi\n# This output is used by Xcode 'outputs' to avoid re-running this script phase.\necho \"SUCCESS\" > \"${SCRIPT_OUTPUT_FILE_0}\"\n";
			showEnvVarsInLog = 0;
		};
/* End PBXShellScriptBuildPhase section */

/* Begin PBXSourcesBuildPhase section */
		6C5F86F3221929D1000EA110 /* Sources */ = {
			isa = PBXSourcesBuildPhase;
			buildActionMask = 2147483647;
			files = (
				6C5F86FD221929D1000EA110 /* ViewController.swift in Sources */,
				8EE2D90E2220DF9400ADCF25 /* RegisterViewController.swift in Sources */,
				8EB41DAC221FB861006B1E60 /* Parsing.swift in Sources */,
				8E8A645A2220E4A800684D31 /* RootViewController.swift in Sources */,
				6C5F86FB221929D1000EA110 /* AppDelegate.swift in Sources */,
				8EB41DAA221F9EAC006B1E60 /* Car.swift in Sources */,
				8EB41DA8221F9899006B1E60 /* Booking.swift in Sources */,
				8EB41DA5221F919F006B1E60 /* LoginViewController.swift in Sources */,
				6C48FB66221D161F002D33E6 /* globalData.swift in Sources */,
				8EB41DA2221F9039006B1E60 /* MapViewController.swift in Sources */,
				8EB41D9D221F762E006B1E60 /* PaymentViewController.swift in Sources */,
			);
			runOnlyForDeploymentPostprocessing = 0;
		};
/* End PBXSourcesBuildPhase section */

/* Begin PBXVariantGroup section */
		6C5F86FE221929D1000EA110 /* Main.storyboard */ = {
			isa = PBXVariantGroup;
			children = (
				6C5F86FF221929D1000EA110 /* Base */,
				8E8A645C2220EBAB00684D31 /* en */,
			);
			name = Main.storyboard;
			sourceTree = "<group>";
		};
		6C5F8706221929D6000EA110 /* LaunchScreen.storyboard */ = {
			isa = PBXVariantGroup;
			children = (
				6C5F8707221929D6000EA110 /* Base */,
			);
			name = LaunchScreen.storyboard;
			sourceTree = "<group>";
		};
/* End PBXVariantGroup section */

/* Begin XCBuildConfiguration section */
		6C5F870A221929D6000EA110 /* Debug */ = {
			isa = XCBuildConfiguration;
			buildSettings = {
				ALWAYS_SEARCH_USER_PATHS = NO;
				CLANG_ANALYZER_NONNULL = YES;
				CLANG_ANALYZER_NUMBER_OBJECT_CONVERSION = YES_AGGRESSIVE;
				CLANG_CXX_LANGUAGE_STANDARD = "gnu++14";
				CLANG_CXX_LIBRARY = "libc++";
				CLANG_ENABLE_MODULES = YES;
				CLANG_ENABLE_OBJC_ARC = YES;
				CLANG_ENABLE_OBJC_WEAK = YES;
				CLANG_WARN_BLOCK_CAPTURE_AUTORELEASING = YES;
				CLANG_WARN_BOOL_CONVERSION = YES;
				CLANG_WARN_COMMA = YES;
				CLANG_WARN_CONSTANT_CONVERSION = YES;
				CLANG_WARN_DEPRECATED_OBJC_IMPLEMENTATIONS = YES;
				CLANG_WARN_DIRECT_OBJC_ISA_USAGE = YES_ERROR;
				CLANG_WARN_DOCUMENTATION_COMMENTS = YES;
				CLANG_WARN_EMPTY_BODY = YES;
				CLANG_WARN_ENUM_CONVERSION = YES;
				CLANG_WARN_INFINITE_RECURSION = YES;
				CLANG_WARN_INT_CONVERSION = YES;
				CLANG_WARN_NON_LITERAL_NULL_CONVERSION = YES;
				CLANG_WARN_OBJC_IMPLICIT_RETAIN_SELF = YES;
				CLANG_WARN_OBJC_LITERAL_CONVERSION = YES;
				CLANG_WARN_OBJC_ROOT_CLASS = YES_ERROR;
				CLANG_WARN_RANGE_LOOP_ANALYSIS = YES;
				CLANG_WARN_STRICT_PROTOTYPES = YES;
				CLANG_WARN_SUSPICIOUS_MOVE = YES;
				CLANG_WARN_UNGUARDED_AVAILABILITY = YES_AGGRESSIVE;
				CLANG_WARN_UNREACHABLE_CODE = YES;
				CLANG_WARN__DUPLICATE_METHOD_MATCH = YES;
				CODE_SIGN_IDENTITY = "iPhone Developer";
				COPY_PHASE_STRIP = NO;
				DEBUG_INFORMATION_FORMAT = dwarf;
				ENABLE_STRICT_OBJC_MSGSEND = YES;
				ENABLE_TESTABILITY = YES;
				GCC_C_LANGUAGE_STANDARD = gnu11;
				GCC_DYNAMIC_NO_PIC = NO;
				GCC_NO_COMMON_BLOCKS = YES;
				GCC_OPTIMIZATION_LEVEL = 0;
				GCC_PREPROCESSOR_DEFINITIONS = (
					"DEBUG=1",
					"$(inherited)",
				);
				GCC_WARN_64_TO_32_BIT_CONVERSION = YES;
				GCC_WARN_ABOUT_RETURN_TYPE = YES_ERROR;
				GCC_WARN_UNDECLARED_SELECTOR = YES;
				GCC_WARN_UNINITIALIZED_AUTOS = YES_AGGRESSIVE;
				GCC_WARN_UNUSED_FUNCTION = YES;
				GCC_WARN_UNUSED_VARIABLE = YES;
				IPHONEOS_DEPLOYMENT_TARGET = 12.1;
				MTL_ENABLE_DEBUG_INFO = INCLUDE_SOURCE;
				MTL_FAST_MATH = YES;
				ONLY_ACTIVE_ARCH = YES;
				SDKROOT = iphoneos;
				SWIFT_ACTIVE_COMPILATION_CONDITIONS = DEBUG;
				SWIFT_OPTIMIZATION_LEVEL = "-Onone";
			};
			name = Debug;
		};
		6C5F870B221929D6000EA110 /* Release */ = {
			isa = XCBuildConfiguration;
			buildSettings = {
				ALWAYS_SEARCH_USER_PATHS = NO;
				CLANG_ANALYZER_NONNULL = YES;
				CLANG_ANALYZER_NUMBER_OBJECT_CONVERSION = YES_AGGRESSIVE;
				CLANG_CXX_LANGUAGE_STANDARD = "gnu++14";
				CLANG_CXX_LIBRARY = "libc++";
				CLANG_ENABLE_MODULES = YES;
				CLANG_ENABLE_OBJC_ARC = YES;
				CLANG_ENABLE_OBJC_WEAK = YES;
				CLANG_WARN_BLOCK_CAPTURE_AUTORELEASING = YES;
				CLANG_WARN_BOOL_CONVERSION = YES;
				CLANG_WARN_COMMA = YES;
				CLANG_WARN_CONSTANT_CONVERSION = YES;
				CLANG_WARN_DEPRECATED_OBJC_IMPLEMENTATIONS = YES;
				CLANG_WARN_DIRECT_OBJC_ISA_USAGE = YES_ERROR;
				CLANG_WARN_DOCUMENTATION_COMMENTS = YES;
				CLANG_WARN_EMPTY_BODY = YES;
				CLANG_WARN_ENUM_CONVERSION = YES;
				CLANG_WARN_INFINITE_RECURSION = YES;
				CLANG_WARN_INT_CONVERSION = YES;
				CLANG_WARN_NON_LITERAL_NULL_CONVERSION = YES;
				CLANG_WARN_OBJC_IMPLICIT_RETAIN_SELF = YES;
				CLANG_WARN_OBJC_LITERAL_CONVERSION = YES;
				CLANG_WARN_OBJC_ROOT_CLASS = YES_ERROR;
				CLANG_WARN_RANGE_LOOP_ANALYSIS = YES;
				CLANG_WARN_STRICT_PROTOTYPES = YES;
				CLANG_WARN_SUSPICIOUS_MOVE = YES;
				CLANG_WARN_UNGUARDED_AVAILABILITY = YES_AGGRESSIVE;
				CLANG_WARN_UNREACHABLE_CODE = YES;
				CLANG_WARN__DUPLICATE_METHOD_MATCH = YES;
				CODE_SIGN_IDENTITY = "iPhone Developer";
				COPY_PHASE_STRIP = NO;
				DEBUG_INFORMATION_FORMAT = "dwarf-with-dsym";
				ENABLE_NS_ASSERTIONS = NO;
				ENABLE_STRICT_OBJC_MSGSEND = YES;
				GCC_C_LANGUAGE_STANDARD = gnu11;
				GCC_NO_COMMON_BLOCKS = YES;
				GCC_WARN_64_TO_32_BIT_CONVERSION = YES;
				GCC_WARN_ABOUT_RETURN_TYPE = YES_ERROR;
				GCC_WARN_UNDECLARED_SELECTOR = YES;
				GCC_WARN_UNINITIALIZED_AUTOS = YES_AGGRESSIVE;
				GCC_WARN_UNUSED_FUNCTION = YES;
				GCC_WARN_UNUSED_VARIABLE = YES;
				IPHONEOS_DEPLOYMENT_TARGET = 12.1;
				MTL_ENABLE_DEBUG_INFO = NO;
				MTL_FAST_MATH = YES;
				SDKROOT = iphoneos;
				SWIFT_COMPILATION_MODE = wholemodule;
				SWIFT_OPTIMIZATION_LEVEL = "-O";
				VALIDATE_PRODUCT = YES;
			};
			name = Release;
		};
		6C5F870D221929D6000EA110 /* Debug */ = {
			isa = XCBuildConfiguration;
			baseConfigurationReference = 66E4DA4D1915DDC08538BF2A /* Pods-Tempo.debug.xcconfig */;
			buildSettings = {
				ASSETCATALOG_COMPILER_APPICON_NAME = AppIcon;
				CLANG_ENABLE_MODULES = YES;
				CODE_SIGN_STYLE = Automatic;
				DEVELOPMENT_TEAM = 648L74S7Q3;
				INFOPLIST_FILE = Tempo/Info.plist;
				LD_RUNPATH_SEARCH_PATHS = (
					"$(inherited)",
					"@executable_path/Frameworks",
				);
				PRODUCT_BUNDLE_IDENTIFIER = com.mercari.shitian.ni.Tempo;
				PRODUCT_NAME = "$(TARGET_NAME)";
				SWIFT_OBJC_BRIDGING_HEADER = "";
				SWIFT_OPTIMIZATION_LEVEL = "-Onone";
				SWIFT_VERSION = 4.2;
				TARGETED_DEVICE_FAMILY = "1,2";
			};
			name = Debug;
		};
		6C5F870E221929D6000EA110 /* Release */ = {
			isa = XCBuildConfiguration;
			baseConfigurationReference = 99DA8D8027044EB542958E59 /* Pods-Tempo.release.xcconfig */;
			buildSettings = {
				ASSETCATALOG_COMPILER_APPICON_NAME = AppIcon;
				CLANG_ENABLE_MODULES = YES;
				CODE_SIGN_STYLE = Automatic;
				DEVELOPMENT_TEAM = 648L74S7Q3;
				INFOPLIST_FILE = Tempo/Info.plist;
				LD_RUNPATH_SEARCH_PATHS = (
					"$(inherited)",
					"@executable_path/Frameworks",
				);
				PRODUCT_BUNDLE_IDENTIFIER = com.mercari.shitian.ni.Tempo;
				PRODUCT_NAME = "$(TARGET_NAME)";
				SWIFT_OBJC_BRIDGING_HEADER = "";
				SWIFT_VERSION = 4.2;
				TARGETED_DEVICE_FAMILY = "1,2";
			};
			name = Release;
		};
/* End XCBuildConfiguration section */

/* Begin XCConfigurationList section */
		6C5F86F2221929D1000EA110 /* Build configuration list for PBXProject "Tempo" */ = {
			isa = XCConfigurationList;
			buildConfigurations = (
				6C5F870A221929D6000EA110 /* Debug */,
				6C5F870B221929D6000EA110 /* Release */,
			);
			defaultConfigurationIsVisible = 0;
			defaultConfigurationName = Release;
		};
		6C5F870C221929D6000EA110 /* Build configuration list for PBXNativeTarget "Tempo" */ = {
			isa = XCConfigurationList;
			buildConfigurations = (
				6C5F870D221929D6000EA110 /* Debug */,
				6C5F870E221929D6000EA110 /* Release */,
			);
			defaultConfigurationIsVisible = 0;
			defaultConfigurationName = Release;
		};
/* End XCConfigurationList section */
	};
	rootObject = 6C5F86EF221929D1000EA110 /* Project object */;
}
